
Microsoft Visual Studio Solution File, Format Version 12.00
Project("{FAE04EC0-301F-11D3-BF4B-00C04F79EFBC}") = "NoNeed2Ask.Api", "backend\NoNeed2Ask.Api.csproj", "{31CA8A8C-70D4-4E81-9E54-989106705052}"
EndProject
Project("{2150E333-8FDC-42A3-9474-1A3956D46DE8}") = "Solution Items", "Solution Items", "{FE93B0ED-2164-4F2E-A8C2-ABBDF6BF3640}"
EndProject
Project("{FAE04EC0-301F-11D3-BF4B-00C04F79EFBC}") = "NoNeed2Ask.AppHost", "apphost\NoNeed2Ask.AppHost.csproj", "{27F89645-509D-4D72-A9BD-13208D9A4F82}"
EndProject
Project("{FAE04EC0-301F-11D3-BF4B-00C04F79EFBC}") = "NoNeed2Ask.ServiceDefaults", "service-defaults\NoNeed2Ask.ServiceDefaults.csproj", "{F0DF52E6-05E7-4C7A-A6A8-45405EE6E73D}"
EndProject
Project("{FAE04EC0-301F-11D3-BF4B-00C04F79EFBC}") = "NoNeed2Ask.Api.Tests", "backend.tests\NoNeed2Ask.Api.Tests.csproj", "{4F9C6C5D-D395-4DF8-97B0-66849D6864AC}"
EndProject
Global
	GlobalSection(SolutionConfigurationPlatforms) = preSolution
		Debug|Any CPU = Debug|Any CPU
		Release|Any CPU = Release|Any CPU
	EndGlobalSection
	GlobalSection(ProjectConfigurationPlatforms) = postSolution
		{31CA8A8C-70D4-4E81-9E54-989106705052}.Debug|Any CPU.ActiveCfg = Debug|Any CPU
		{31CA8A8C-70D4-4E81-9E54-989106705052}.Debug|Any CPU.Build.0 = Debug|Any CPU
		{31CA8A8C-70D4-4E81-9E54-989106705052}.Release|Any CPU.ActiveCfg = Release|Any CPU
		{31CA8A8C-70D4-4E81-9E54-989106705052}.Release|Any CPU.Build.0 = Release|Any CPU
		{27F89645-509D-4D72-A9BD-13208D9A4F82}.Debug|Any CPU.ActiveCfg = Debug|Any CPU
		{27F89645-509D-4D72-A9BD-13208D9A4F82}.Debug|Any CPU.Build.0 = Debug|Any CPU
		{27F89645-509D-4D72-A9BD-13208D9A4F82}.Release|Any CPU.ActiveCfg = Release|Any CPU
		{27F89645-509D-4D72-A9BD-13208D9A4F82}.Release|Any CPU.Build.0 = Release|Any CPU
		{F0DF52E6-05E7-4C7A-A6A8-45405EE6E73D}.Debug|Any CPU.ActiveCfg = Debug|Any CPU
		{F0DF52E6-05E7-4C7A-A6A8-45405EE6E73D}.Debug|Any CPU.Build.0 = Debug|Any CPU
		{F0DF52E6-05E7-4C7A-A6A8-45405EE6E73D}.Release|Any CPU.ActiveCfg = Release|Any CPU
		{F0DF52E6-05E7-4C7A-A6A8-45405EE6E73D}.Release|Any CPU.Build.0 = Release|Any CPU
		{4F9C6C5D-D395-4DF8-97B0-66849D6864AC}.Debug|Any CPU.ActiveCfg = Debug|Any CPU
		{4F9C6C5D-D395-4DF8-97B0-66849D6864AC}.Debug|Any CPU.Build.0 = Debug|Any CPU
		{4F9C6C5D-D395-4DF8-97B0-66849D6864AC}.Release|Any CPU.ActiveCfg = Release|Any CPU
		{4F9C6C5D-D395-4DF8-97B0-66849D6864AC}.Release|Any CPU.Build.0 = Release|Any CPU
	EndGlobalSection
EndGlobal
